{
  "version": 4,
  "terraform_version": "1.7.3",
  "serial": 54,
  "lineage": "55b1f852-3c6d-4548-7e5d-cb28c519b892",
  "outputs": {
    "server-data": {
      "value": [
        {
          "ip_address": "13.49.75.51",
          "public_dns": "ec2-13-49-75-51.eu-north-1.compute.amazonaws.com"
        },
        {
          "ip_address": "51.20.124.5",
          "public_dns": "ec2-51-20-124-5.eu-north-1.compute.amazonaws.com"
        },
        {
          "ip_address": "51.21.150.84",
          "public_dns": "ec2-51-21-150-84.eu-north-1.compute.amazonaws.com"
        }
      ],
      "type": [
        "tuple",
        [
          [
            "object",
            {
              "ip_address": "string",
              "public_dns": "string"
            }
          ],
          [
            "object",
            {
              "ip_address": "string",
              "public_dns": "string"
            }
          ],
          [
            "object",
            {
              "ip_address": "string",
              "public_dns": "string"
            }
          ]
        ]
      ]
    }
  },
  "resources": [
    {
      "mode": "data",
      "type": "aws_region",
      "name": "current",
      "provider": "provider[\"registry.terraform.io/hashicorp/aws\"]",
      "instances": [
        {
          "schema_version": 0,
          "attributes": {
            "description": "Europe (Stockholm)",
            "endpoint": "ec2.eu-north-1.amazonaws.com",
            "id": "eu-north-1",
            "name": "eu-north-1"
          },
          "sensitive_attributes": []
        }
      ]
    },
    {
      "mode": "managed",
      "type": "aws_instance",
      "name": "server",
      "provider": "provider[\"registry.terraform.io/hashicorp/aws\"]",
      "instances": [
        {
          "index_key": 0,
          "schema_version": 1,
          "attributes": {
            "ami": "ami-0914547665e6a707c",
            "arn": "arn:aws:ec2:eu-north-1:539941030570:instance/i-006eaa7a428b122ca",
            "associate_public_ip_address": true,
            "availability_zone": "eu-north-1a",
            "capacity_reservation_specification": [
              {
                "capacity_reservation_preference": "open",
                "capacity_reservation_target": []
              }
            ],
            "cpu_core_count": 1,
            "cpu_threads_per_core": 2,
            "credit_specification": [
              {
                "cpu_credits": "unlimited"
              }
            ],
            "disable_api_termination": false,
            "ebs_block_device": [],
            "ebs_optimized": false,
            "enclave_options": [
              {
                "enabled": false
              }
            ],
            "ephemeral_block_device": [],
            "get_password_data": false,
            "hibernation": false,
            "host_id": null,
            "iam_instance_profile": "",
            "id": "i-006eaa7a428b122ca",
            "instance_initiated_shutdown_behavior": "stop",
            "instance_state": "running",
            "instance_type": "t3.micro",
            "ipv6_address_count": 0,
            "ipv6_addresses": [],
            "key_name": "ansible-ssh-key",
            "launch_template": [],
            "metadata_options": [
              {
                "http_endpoint": "enabled",
                "http_put_response_hop_limit": 1,
                "http_tokens": "optional",
                "instance_metadata_tags": "disabled"
              }
            ],
            "monitoring": false,
            "network_interface": [],
            "outpost_arn": "",
            "password_data": "",
            "placement_group": "",
            "placement_partition_number": null,
            "primary_network_interface_id": "eni-023c1f24307e84eca",
            "private_dns": "ip-10-0-46-241.eu-north-1.compute.internal",
            "private_ip": "10.0.46.241",
            "public_dns": "ec2-13-49-75-51.eu-north-1.compute.amazonaws.com",
            "public_ip": "13.49.75.51",
            "root_block_device": [
              {
                "delete_on_termination": true,
                "device_name": "/dev/sda1",
                "encrypted": false,
                "iops": 100,
                "kms_key_id": "",
                "tags": {},
                "throughput": 0,
                "volume_id": "vol-0ea4cc37a55c4ffed",
                "volume_size": 8,
                "volume_type": "gp2"
              }
            ],
            "secondary_private_ips": [],
            "security_groups": [],
            "source_dest_check": true,
            "subnet_id": "subnet-0733b6f633a75f0f6",
            "tags": {
              "Name": "AnsibleServer"
            },
            "tags_all": {
              "Name": "AnsibleServer"
            },
            "tenancy": "default",
            "timeouts": null,
            "user_data": null,
            "user_data_base64": null,
            "volume_tags": null,
            "vpc_security_group_ids": [
              "sg-03107538baf7110a5",
              "sg-08fc64c46c483ff43",
              "sg-0d191f4b4f59167f8"
            ]
          },
          "sensitive_attributes": [],
          "private": "eyJlMmJmYjczMC1lY2FhLTExZTYtOGY4OC0zNDM2M2JjN2M0YzAiOnsiY3JlYXRlIjo2MDAwMDAwMDAwMDAsImRlbGV0ZSI6MTIwMDAwMDAwMDAwMCwidXBkYXRlIjo2MDAwMDAwMDAwMDB9LCJzY2hlbWFfdmVyc2lvbiI6IjEifQ==",
          "dependencies": [
            "aws_key_pair.aws_key",
            "aws_security_group.allow_http",
            "aws_security_group.allow_jenkins",
            "aws_security_group.allow_ssh",
            "aws_subnet.main",
            "aws_vpc.main",
            "data.aws_region.current",
            "tls_private_key.key"
          ]
        },
        {
          "index_key": 1,
          "schema_version": 1,
          "attributes": {
            "ami": "ami-0914547665e6a707c",
            "arn": "arn:aws:ec2:eu-north-1:539941030570:instance/i-048e6fc2500e75dd7",
            "associate_public_ip_address": true,
            "availability_zone": "eu-north-1a",
            "capacity_reservation_specification": [
              {
                "capacity_reservation_preference": "open",
                "capacity_reservation_target": []
              }
            ],
            "cpu_core_count": 1,
            "cpu_threads_per_core": 2,
            "credit_specification": [
              {
                "cpu_credits": "unlimited"
              }
            ],
            "disable_api_termination": false,
            "ebs_block_device": [],
            "ebs_optimized": false,
            "enclave_options": [
              {
                "enabled": false
              }
            ],
            "ephemeral_block_device": [],
            "get_password_data": false,
            "hibernation": false,
            "host_id": null,
            "iam_instance_profile": "",
            "id": "i-048e6fc2500e75dd7",
            "instance_initiated_shutdown_behavior": "stop",
            "instance_state": "running",
            "instance_type": "t3.micro",
            "ipv6_address_count": 0,
            "ipv6_addresses": [],
            "key_name": "ansible-ssh-key",
            "launch_template": [],
            "metadata_options": [
              {
                "http_endpoint": "enabled",
                "http_put_response_hop_limit": 1,
                "http_tokens": "optional",
                "instance_metadata_tags": "disabled"
              }
            ],
            "monitoring": false,
            "network_interface": [],
            "outpost_arn": "",
            "password_data": "",
            "placement_group": "",
            "placement_partition_number": null,
            "primary_network_interface_id": "eni-0fed8522a4e781ed3",
            "private_dns": "ip-10-0-85-168.eu-north-1.compute.internal",
            "private_ip": "10.0.85.168",
            "public_dns": "ec2-51-20-124-5.eu-north-1.compute.amazonaws.com",
            "public_ip": "51.20.124.5",
            "root_block_device": [
              {
                "delete_on_termination": true,
                "device_name": "/dev/sda1",
                "encrypted": false,
                "iops": 100,
                "kms_key_id": "",
                "tags": {},
                "throughput": 0,
                "volume_id": "vol-00033ffeff4018adf",
                "volume_size": 8,
                "volume_type": "gp2"
              }
            ],
            "secondary_private_ips": [],
            "security_groups": [],
            "source_dest_check": true,
            "subnet_id": "subnet-0733b6f633a75f0f6",
            "tags": {
              "Name": "JenkinsServer"
            },
            "tags_all": {
              "Name": "JenkinsServer"
            },
            "tenancy": "default",
            "timeouts": null,
            "user_data": null,
            "user_data_base64": null,
            "volume_tags": null,
            "vpc_security_group_ids": [
              "sg-03107538baf7110a5",
              "sg-08fc64c46c483ff43",
              "sg-0d191f4b4f59167f8"
            ]
          },
          "sensitive_attributes": [],
          "private": "eyJlMmJmYjczMC1lY2FhLTExZTYtOGY4OC0zNDM2M2JjN2M0YzAiOnsiY3JlYXRlIjo2MDAwMDAwMDAwMDAsImRlbGV0ZSI6MTIwMDAwMDAwMDAwMCwidXBkYXRlIjo2MDAwMDAwMDAwMDB9LCJzY2hlbWFfdmVyc2lvbiI6IjEifQ==",
          "dependencies": [
            "aws_key_pair.aws_key",
            "aws_security_group.allow_http",
            "aws_security_group.allow_jenkins",
            "aws_security_group.allow_ssh",
            "aws_subnet.main",
            "aws_vpc.main",
            "data.aws_region.current",
            "tls_private_key.key"
          ]
        },
        {
          "index_key": 2,
          "schema_version": 1,
          "attributes": {
            "ami": "ami-0914547665e6a707c",
            "arn": "arn:aws:ec2:eu-north-1:539941030570:instance/i-0fc2358195858ed67",
            "associate_public_ip_address": true,
            "availability_zone": "eu-north-1a",
            "capacity_reservation_specification": [
              {
                "capacity_reservation_preference": "open",
                "capacity_reservation_target": []
              }
            ],
            "cpu_core_count": 1,
            "cpu_threads_per_core": 2,
            "credit_specification": [
              {
                "cpu_credits": "unlimited"
              }
            ],
            "disable_api_termination": false,
            "ebs_block_device": [],
            "ebs_optimized": false,
            "enclave_options": [
              {
                "enabled": false
              }
            ],
            "ephemeral_block_device": [],
            "get_password_data": false,
            "hibernation": false,
            "host_id": null,
            "iam_instance_profile": "",
            "id": "i-0fc2358195858ed67",
            "instance_initiated_shutdown_behavior": "stop",
            "instance_state": "running",
            "instance_type": "t3.micro",
            "ipv6_address_count": 0,
            "ipv6_addresses": [],
            "key_name": "ansible-ssh-key",
            "launch_template": [],
            "metadata_options": [
              {
                "http_endpoint": "enabled",
                "http_put_response_hop_limit": 1,
                "http_tokens": "optional",
                "instance_metadata_tags": "disabled"
              }
            ],
            "monitoring": false,
            "network_interface": [],
            "outpost_arn": "",
            "password_data": "",
            "placement_group": "",
            "placement_partition_number": null,
            "primary_network_interface_id": "eni-0600e6d35b1f95f55",
            "private_dns": "ip-10-0-134-64.eu-north-1.compute.internal",
            "private_ip": "10.0.134.64",
            "public_dns": "ec2-51-21-150-84.eu-north-1.compute.amazonaws.com",
            "public_ip": "51.21.150.84",
            "root_block_device": [
              {
                "delete_on_termination": true,
                "device_name": "/dev/sda1",
                "encrypted": false,
                "iops": 100,
                "kms_key_id": "",
                "tags": {},
                "throughput": 0,
                "volume_id": "vol-0fa9339f612728659",
                "volume_size": 8,
                "volume_type": "gp2"
              }
            ],
            "secondary_private_ips": [],
            "security_groups": [],
            "source_dest_check": true,
            "subnet_id": "subnet-0733b6f633a75f0f6",
            "tags": {
              "Name": "HTTPServer"
            },
            "tags_all": {
              "Name": "HTTPServer"
            },
            "tenancy": "default",
            "timeouts": null,
            "user_data": null,
            "user_data_base64": null,
            "volume_tags": null,
            "vpc_security_group_ids": [
              "sg-03107538baf7110a5",
              "sg-08fc64c46c483ff43",
              "sg-0d191f4b4f59167f8"
            ]
          },
          "sensitive_attributes": [],
          "private": "eyJlMmJmYjczMC1lY2FhLTExZTYtOGY4OC0zNDM2M2JjN2M0YzAiOnsiY3JlYXRlIjo2MDAwMDAwMDAwMDAsImRlbGV0ZSI6MTIwMDAwMDAwMDAwMCwidXBkYXRlIjo2MDAwMDAwMDAwMDB9LCJzY2hlbWFfdmVyc2lvbiI6IjEifQ==",
          "dependencies": [
            "aws_key_pair.aws_key",
            "aws_security_group.allow_http",
            "aws_security_group.allow_jenkins",
            "aws_security_group.allow_ssh",
            "aws_subnet.main",
            "aws_vpc.main",
            "data.aws_region.current",
            "tls_private_key.key"
          ]
        }
      ]
    },
    {
      "mode": "managed",
      "type": "aws_internet_gateway",
      "name": "gateway",
      "provider": "provider[\"registry.terraform.io/hashicorp/aws\"]",
      "instances": [
        {
          "schema_version": 0,
          "attributes": {
            "arn": "arn:aws:ec2:eu-north-1:539941030570:internet-gateway/igw-082e4566aa6748fbc",
            "id": "igw-082e4566aa6748fbc",
            "owner_id": "539941030570",
            "tags": {},
            "tags_all": {},
            "vpc_id": "vpc-03eb9a3d6ad28f221"
          },
          "sensitive_attributes": [],
          "private": "bnVsbA==",
          "dependencies": [
            "aws_vpc.main"
          ]
        }
      ]
    },
    {
      "mode": "managed",
      "type": "aws_key_pair",
      "name": "aws_key",
      "provider": "provider[\"registry.terraform.io/hashicorp/aws\"]",
      "instances": [
        {
          "schema_version": 1,
          "attributes": {
            "arn": "arn:aws:ec2:eu-north-1:539941030570:key-pair/ansible-ssh-key",
            "fingerprint": "73:31:b4:fe:2d:8c:5a:2b:7a:7b:ec:db:6f:54:c4:a7",
            "id": "ansible-ssh-key",
            "key_name": "ansible-ssh-key",
            "key_name_prefix": "",
            "key_pair_id": "key-0f717e93e0a50168e",
            "public_key": "ssh-rsa AAAAB3NzaC1yc2EAAAADAQABAAABAQDHu23ItasDXSeORWgk94xLWr0dk+o5pY83ndMynaes15xdMvv20mtoGNSG67ebi6qbRFhGtKDw3OQGjLkfGsXI1Ahoib3LenSRLV8SEuwV0WouEaA0U3OoSZ2VxuQNqv0VYNLMyp8kjwgXTSGYesQnIHnsO1/TxVXsADLQRrZZAPiHoz1ppmJ8fgYQS3NWt5CLZhIKyiW4t8zb6CY3aOQdZAr90HzbD0H/ReTvMu6xBMwtQIZdO9OiY9WHSc39Zkp6hyLthXZaiw6ukvaCZuiPKViZdt5kH7ufKvDB8f4rSVi371mw1BwYLilXKWrO4qTt0h5J5RRrlGDAk6/x7/Jn",
            "tags": {},
            "tags_all": {}
          },
          "sensitive_attributes": [],
          "private": "eyJzY2hlbWFfdmVyc2lvbiI6IjEifQ==",
          "dependencies": [
            "tls_private_key.key"
          ]
        }
      ]
    },
    {
      "mode": "managed",
      "type": "aws_route_table",
      "name": "route_table",
      "provider": "provider[\"registry.terraform.io/hashicorp/aws\"]",
      "instances": [
        {
          "schema_version": 0,
          "attributes": {
            "arn": "arn:aws:ec2:eu-north-1:539941030570:route-table/rtb-01d4439f1f10874cb",
            "id": "rtb-01d4439f1f10874cb",
            "owner_id": "539941030570",
            "propagating_vgws": [],
            "route": [
              {
                "carrier_gateway_id": "",
                "cidr_block": "0.0.0.0/0",
                "destination_prefix_list_id": "",
                "egress_only_gateway_id": "",
                "gateway_id": "igw-082e4566aa6748fbc",
                "instance_id": "",
                "ipv6_cidr_block": "",
                "local_gateway_id": "",
                "nat_gateway_id": "",
                "network_interface_id": "",
                "transit_gateway_id": "",
                "vpc_endpoint_id": "",
                "vpc_peering_connection_id": ""
              }
            ],
            "tags": {},
            "tags_all": {},
            "timeouts": null,
            "vpc_id": "vpc-03eb9a3d6ad28f221"
          },
          "sensitive_attributes": [],
          "private": "eyJlMmJmYjczMC1lY2FhLTExZTYtOGY4OC0zNDM2M2JjN2M0YzAiOnsiY3JlYXRlIjozMDAwMDAwMDAwMDAsImRlbGV0ZSI6MzAwMDAwMDAwMDAwLCJ1cGRhdGUiOjEyMDAwMDAwMDAwMH19",
          "dependencies": [
            "aws_internet_gateway.gateway",
            "aws_vpc.main"
          ]
        }
      ]
    },
    {
      "mode": "managed",
      "type": "aws_route_table_association",
      "name": "route_table_association",
      "provider": "provider[\"registry.terraform.io/hashicorp/aws\"]",
      "instances": [
        {
          "schema_version": 0,
          "attributes": {
            "gateway_id": "",
            "id": "rtbassoc-0150a6949710b7550",
            "route_table_id": "rtb-01d4439f1f10874cb",
            "subnet_id": "subnet-0733b6f633a75f0f6"
          },
          "sensitive_attributes": [],
          "private": "bnVsbA==",
          "dependencies": [
            "aws_internet_gateway.gateway",
            "aws_route_table.route_table",
            "aws_subnet.main",
            "aws_vpc.main",
            "data.aws_region.current"
          ]
        }
      ]
    },
    {
      "mode": "managed",
      "type": "aws_security_group",
      "name": "allow_http",
      "provider": "provider[\"registry.terraform.io/hashicorp/aws\"]",
      "instances": [
        {
          "schema_version": 1,
          "attributes": {
            "arn": "arn:aws:ec2:eu-north-1:539941030570:security-group/sg-08fc64c46c483ff43",
            "description": "Allow HTTP traffic",
            "egress": [
              {
                "cidr_blocks": [
                  "0.0.0.0/0"
                ],
                "description": "",
                "from_port": 0,
                "ipv6_cidr_blocks": [],
                "prefix_list_ids": [],
                "protocol": "-1",
                "security_groups": [],
                "self": false,
                "to_port": 0
              }
            ],
            "id": "sg-08fc64c46c483ff43",
            "ingress": [
              {
                "cidr_blocks": [
                  "0.0.0.0/0"
                ],
                "description": "SSH",
                "from_port": 80,
                "ipv6_cidr_blocks": [],
                "prefix_list_ids": [],
                "protocol": "tcp",
                "security_groups": [],
                "self": false,
                "to_port": 80
              }
            ],
            "name": "allow_http",
            "name_prefix": "",
            "owner_id": "539941030570",
            "revoke_rules_on_delete": false,
            "tags": {},
            "tags_all": {},
            "timeouts": null,
            "vpc_id": "vpc-03eb9a3d6ad28f221"
          },
          "sensitive_attributes": [],
          "private": "eyJlMmJmYjczMC1lY2FhLTExZTYtOGY4OC0zNDM2M2JjN2M0YzAiOnsiY3JlYXRlIjo2MDAwMDAwMDAwMDAsImRlbGV0ZSI6OTAwMDAwMDAwMDAwfSwic2NoZW1hX3ZlcnNpb24iOiIxIn0=",
          "dependencies": [
            "aws_vpc.main"
          ]
        }
      ]
    },
    {
      "mode": "managed",
      "type": "aws_security_group",
      "name": "allow_jenkins",
      "provider": "provider[\"registry.terraform.io/hashicorp/aws\"]",
      "instances": [
        {
          "schema_version": 1,
          "attributes": {
            "arn": "arn:aws:ec2:eu-north-1:539941030570:security-group/sg-0d191f4b4f59167f8",
            "description": "Allow Jenkins traffic",
            "egress": [
              {
                "cidr_blocks": [
                  "0.0.0.0/0"
                ],
                "description": "",
                "from_port": 0,
                "ipv6_cidr_blocks": [],
                "prefix_list_ids": [],
                "protocol": "-1",
                "security_groups": [],
                "self": false,
                "to_port": 0
              }
            ],
            "id": "sg-0d191f4b4f59167f8",
            "ingress": [
              {
                "cidr_blocks": [
                  "0.0.0.0/0"
                ],
                "description": "SSH",
                "from_port": 8080,
                "ipv6_cidr_blocks": [],
                "prefix_list_ids": [],
                "protocol": "tcp",
                "security_groups": [],
                "self": false,
                "to_port": 8080
              }
            ],
            "name": "allow_jenkins",
            "name_prefix": "",
            "owner_id": "539941030570",
            "revoke_rules_on_delete": false,
            "tags": {},
            "tags_all": {},
            "timeouts": null,
            "vpc_id": "vpc-03eb9a3d6ad28f221"
          },
          "sensitive_attributes": [],
          "private": "eyJlMmJmYjczMC1lY2FhLTExZTYtOGY4OC0zNDM2M2JjN2M0YzAiOnsiY3JlYXRlIjo2MDAwMDAwMDAwMDAsImRlbGV0ZSI6OTAwMDAwMDAwMDAwfSwic2NoZW1hX3ZlcnNpb24iOiIxIn0=",
          "dependencies": [
            "aws_vpc.main"
          ]
        }
      ]
    },
    {
      "mode": "managed",
      "type": "aws_security_group",
      "name": "allow_ssh",
      "provider": "provider[\"registry.terraform.io/hashicorp/aws\"]",
      "instances": [
        {
          "schema_version": 1,
          "attributes": {
            "arn": "arn:aws:ec2:eu-north-1:539941030570:security-group/sg-03107538baf7110a5",
            "description": "Allow SSH traffic",
            "egress": [
              {
                "cidr_blocks": [
                  "0.0.0.0/0"
                ],
                "description": "",
                "from_port": 0,
                "ipv6_cidr_blocks": [],
                "prefix_list_ids": [],
                "protocol": "-1",
                "security_groups": [],
                "self": false,
                "to_port": 0
              }
            ],
            "id": "sg-03107538baf7110a5",
            "ingress": [
              {
                "cidr_blocks": [
                  "0.0.0.0/0"
                ],
                "description": "SSH",
                "from_port": 22,
                "ipv6_cidr_blocks": [],
                "prefix_list_ids": [],
                "protocol": "tcp",
                "security_groups": [],
                "self": false,
                "to_port": 22
              }
            ],
            "name": "allow_ssh",
            "name_prefix": "",
            "owner_id": "539941030570",
            "revoke_rules_on_delete": false,
            "tags": {},
            "tags_all": {},
            "timeouts": null,
            "vpc_id": "vpc-03eb9a3d6ad28f221"
          },
          "sensitive_attributes": [],
          "private": "eyJlMmJmYjczMC1lY2FhLTExZTYtOGY4OC0zNDM2M2JjN2M0YzAiOnsiY3JlYXRlIjo2MDAwMDAwMDAwMDAsImRlbGV0ZSI6OTAwMDAwMDAwMDAwfSwic2NoZW1hX3ZlcnNpb24iOiIxIn0=",
          "dependencies": [
            "aws_vpc.main"
          ]
        }
      ]
    },
    {
      "mode": "managed",
      "type": "aws_subnet",
      "name": "main",
      "provider": "provider[\"registry.terraform.io/hashicorp/aws\"]",
      "instances": [
        {
          "schema_version": 1,
          "attributes": {
            "arn": "arn:aws:ec2:eu-north-1:539941030570:subnet/subnet-0733b6f633a75f0f6",
            "assign_ipv6_address_on_creation": false,
            "availability_zone": "eu-north-1a",
            "availability_zone_id": "eun1-az1",
            "cidr_block": "10.0.0.0/16",
            "customer_owned_ipv4_pool": "",
            "enable_dns64": false,
            "enable_resource_name_dns_a_record_on_launch": false,
            "enable_resource_name_dns_aaaa_record_on_launch": false,
            "id": "subnet-0733b6f633a75f0f6",
            "ipv6_cidr_block": "",
            "ipv6_cidr_block_association_id": "",
            "ipv6_native": false,
            "map_customer_owned_ip_on_launch": false,
            "map_public_ip_on_launch": false,
            "outpost_arn": "",
            "owner_id": "539941030570",
            "private_dns_hostname_type_on_launch": "ip-name",
            "tags": {},
            "tags_all": {},
            "timeouts": null,
            "vpc_id": "vpc-03eb9a3d6ad28f221"
          },
          "sensitive_attributes": [],
          "private": "eyJlMmJmYjczMC1lY2FhLTExZTYtOGY4OC0zNDM2M2JjN2M0YzAiOnsiY3JlYXRlIjo2MDAwMDAwMDAwMDAsImRlbGV0ZSI6MTIwMDAwMDAwMDAwMH0sInNjaGVtYV92ZXJzaW9uIjoiMSJ9",
          "dependencies": [
            "aws_vpc.main",
            "data.aws_region.current"
          ]
        }
      ]
    },
    {
      "mode": "managed",
      "type": "aws_vpc",
      "name": "main",
      "provider": "provider[\"registry.terraform.io/hashicorp/aws\"]",
      "instances": [
        {
          "schema_version": 1,
          "attributes": {
            "arn": "arn:aws:ec2:eu-north-1:539941030570:vpc/vpc-03eb9a3d6ad28f221",
            "assign_generated_ipv6_cidr_block": false,
            "cidr_block": "10.0.0.0/16",
            "default_network_acl_id": "acl-0e1315848fa32aa7b",
            "default_route_table_id": "rtb-078674d9d85c55f5b",
            "default_security_group_id": "sg-0047f0ced8bdad722",
            "dhcp_options_id": "dopt-09cd41d367958df84",
            "enable_classiclink": false,
            "enable_classiclink_dns_support": false,
            "enable_dns_hostnames": true,
            "enable_dns_support": true,
            "id": "vpc-03eb9a3d6ad28f221",
            "instance_tenancy": "default",
            "ipv4_ipam_pool_id": null,
            "ipv4_netmask_length": null,
            "ipv6_association_id": "",
            "ipv6_cidr_block": "",
            "ipv6_cidr_block_network_border_group": "",
            "ipv6_ipam_pool_id": "",
            "ipv6_netmask_length": 0,
            "main_route_table_id": "rtb-078674d9d85c55f5b",
            "owner_id": "539941030570",
            "tags": {
              "Name": "AWS VPC"
            },
            "tags_all": {
              "Name": "AWS VPC"
            }
          },
          "sensitive_attributes": [],
          "private": "eyJzY2hlbWFfdmVyc2lvbiI6IjEifQ=="
        }
      ]
    },
    {
      "mode": "managed",
      "type": "local_file",
      "name": "ansible_inventory",
      "provider": "provider[\"registry.terraform.io/hashicorp/local\"]",
      "instances": [
        {
          "schema_version": 0,
          "attributes": {
            "content": "[aws_ec2]\r\n13.49.75.51\r\n51.20.124.5\r\n51.21.150.84\r\n\r\n[aws_ec2:vars]\r\nansible_ssh_user=ubuntu\r\nansible_ssh_private_key_file=$(ssh_keyfile)",
            "content_base64": null,
            "content_base64sha256": "irj6w2BayrGl418UcPx+Ssv43gH13M2iBFcqUZOmmtc=",
            "content_base64sha512": "yeDzK5vv7HJSVgj8zngnHkZ3YnEk984D/cIS9zSQlk4+l5rFhnXWP3uJdZbslUe53zceQCXfMVPVLfBiE0BTrg==",
            "content_md5": "c484461d966769b2f1265c53dc2be2aa",
            "content_sha1": "037d2df4b5830602dd6012a7473c10216123e346",
            "content_sha256": "8ab8fac3605acab1a5e35f1470fc7e4acbf8de01f5dccda204572a5193a69ad7",
            "content_sha512": "c9e0f32b9befec72525608fcce78271e4677627124f7ce03fdc212f73490964e3e979ac58675d63f7b897596ec9547b9df371e4025df3153d52df062134053ae",
            "directory_permission": "0777",
            "file_permission": "0777",
            "filename": "E:/Project/htmlwebsite/env/terraform/inventory.ini",
            "id": "037d2df4b5830602dd6012a7473c10216123e346",
            "sensitive_content": null,
            "source": null
          },
          "sensitive_attributes": [],
          "dependencies": [
            "aws_instance.server",
            "aws_key_pair.aws_key",
            "aws_security_group.allow_http",
            "aws_security_group.allow_jenkins",
            "aws_security_group.allow_ssh",
            "aws_subnet.main",
            "aws_vpc.main",
            "data.aws_region.current",
            "local_sensitive_file.private_key",
            "tls_private_key.key"
          ]
        }
      ]
    },
    {
      "mode": "managed",
      "type": "local_sensitive_file",
      "name": "private_key",
      "provider": "provider[\"registry.terraform.io/hashicorp/local\"]",
      "instances": [
        {
          "schema_version": 0,
          "attributes": {
            "content": "-----BEGIN RSA PRIVATE KEY-----\nMIIEogIBAAKCAQEAx7ttyLWrA10njkVoJPeMS1q9HZPqOaWPN53TMp2nrNecXTL7\n9tJraBjUhuu3m4uqm0RYRrSg8NzkBoy5HxrFyNQIaIm9y3p0kS1fEhLsFdFqLhGg\nNFNzqEmdlcbkDar9FWDSzMqfJI8IF00hmHrEJyB57Dtf08VV7AAy0Ea2WQD4h6M9\naaZifH4GEEtzVreQi2YSCsoluLfM2+gmN2jkHWQK/dB82w9B/0Xk7zLusQTMLUCG\nXTvTomPVh0nN/WZKeoci7YV2WosOrpL2gmbojylYmXbeZB+7nyrwwfH+K0lYt+9Z\nsNQcGC4pVylqzuKk7dIeSeUUa5RgwJOv8e/yZwIDAQABAoIBAHs0CHJobYbzrXS7\nJ5S2Bpps7H8UQMUydPePqTltuoKJtXBgBMCp54sc1ewr9uRB8Qk5zWJABY7OEvJf\nV8nyD9LjyBQD80lSzhjHbf+OIIcM2Hx2buYYHB3Q2x4Kw54SvW60fRPKYQSCHjGR\naInQILMp+0tXDLNq5KdhL/b9x3l6Yrdnl/spffU+zNi1nS7v/0HHs5Zb0pYCItnI\ntKEq5U74TtzZqKbylDTJJnGgL9FwY2UJY6Grt9BllAlTR412AiR4QbD3JJQzgWrM\nEWnx6QMIqcAPEo2Tw0yAwYHiNmHkD81GZunYR5OiOBGezkGRz9TXvk0yn2AdRWJs\nMKiRPHECgYEA2v1UpbosmmXtq3Nbv660M9MEcV07JnWScDuaRAzDKAs6FoYn35G/\nINBfQsBEmAp1JlNIYIb8z5IU0DfuU1YQuBzpJzwt03qjqkkKbvrgxgtKc1LpwQyh\nMKdsfE+XJLxiyp7GjkYCoNieOBlmTbHProGXirVrJbIDmV99GhE+h20CgYEA6Xzr\nArasPre1xCEUzHA9vAbSsXI562eKeYQNGUk2Ge7X4tSKk23YFRRSJw+RdL7NBIoc\nXaU2AGcbR+95XPy86LAnNWzeksGOxtpywbm7lpW+Q+rc/Vh3r3rG48gctm0ZbstX\n9VMWxqTvZrYTQmW1RRTn0LvfIsYZk/K6IswzmKMCgYBfOMKi4YZdiK7E239spPnE\ngyAubxy2R29qj/AvYOFHO0KB4snZxBU4noKdkt8AwaNZC+Ov3WJ2m42jUH64C/dv\nJ1sWbWt7xpr+A46e3UX5t5Ui+k2cXPKGJnbcwvr0xVmrw0iROs4PxMFfoWPDquqk\ndcNAVEyH8pTwDv5l5FOtLQKBgHIc6Ub0PI6SfrWSbXXVTXa95u9uojwY6KanETfQ\nfi6CeuSTd/7B6p+yxMvuYeqq7cxQK7jg69maiszHj4sQwsr+fMsxoD4dd0hcr0Vb\nHwFjwg+zk7oGKMiMuvPMc6v8+jcaDq0JpNIE/jQ2vIbw6n0O0JVFnLKEGzAhqzMi\nlfz9AoGAFOwYEiHkpddX/ww5MlOcixhLQfYhPxPfBZqQ7U8Du8dfQwcNOiyl4wLQ\nPzbV9wS8vYPwGsA8C9PurqxKgG91DU230TagICKNujCIBTXea68eks27pD2dkLD5\n7b6imgT29xlQEVzKd7y5DcHOirFhOn67Jc/gK8kuqidg/6yiMQM=\n-----END RSA PRIVATE KEY-----\n",
            "content_base64": null,
            "content_base64sha256": "tx06dadhyAW8hbqea0BtOcZDJoCjiQeatz7q8ym5ibo=",
            "content_base64sha512": "hNC9WQrDgpQRMyjwr70Z1OHVWf7yvxAOQl4h7GkfqyHT5vESQxQk4w6dk3JYEvkyVoRj3KpeI/kWMsdFB1/cug==",
            "content_md5": "6aa7cba39d2bb87a53670981c1ebf676",
            "content_sha1": "e97e979684936564cd9d036c00e84e9540316865",
            "content_sha256": "b71d3a75a761c805bc85ba9e6b406d39c6432680a389079ab73eeaf329b989ba",
            "content_sha512": "84d0bd590ac38294113328f0afbd19d4e1d559fef2bf100e425e21ec691fab21d3e6f112431424e30e9d93725812f932568463dcaa5e23f91632c745075fdcba",
            "directory_permission": "0700",
            "file_permission": "0600",
            "filename": "E:/Project/htmlwebsite/env/terraform/.ssh/ansible-ssh-key.pem",
            "id": "e97e979684936564cd9d036c00e84e9540316865",
            "source": null
          },
          "sensitive_attributes": [
            [
              {
                "type": "get_attr",
                "value": "content"
              }
            ]
          ],
          "dependencies": [
            "tls_private_key.key"
          ]
        }
      ]
    },
    {
      "mode": "managed",
      "type": "tls_private_key",
      "name": "key",
      "provider": "provider[\"registry.terraform.io/hashicorp/tls\"]",
      "instances": [
        {
          "schema_version": 1,
          "attributes": {
            "algorithm": "RSA",
            "ecdsa_curve": "P224",
            "id": "5093d477eb360734696cbc148a4be334786308a3",
            "private_key_openssh": "-----BEGIN OPENSSH PRIVATE KEY-----\nb3BlbnNzaC1rZXktdjEAAAAABG5vbmUAAAAEbm9uZQAAAAAAAAABAAABFwAAAAdz\nc2gtcnNhAAAAAwEAAQAAAQEAx7ttyLWrA10njkVoJPeMS1q9HZPqOaWPN53TMp2n\nrNecXTL79tJraBjUhuu3m4uqm0RYRrSg8NzkBoy5HxrFyNQIaIm9y3p0kS1fEhLs\nFdFqLhGgNFNzqEmdlcbkDar9FWDSzMqfJI8IF00hmHrEJyB57Dtf08VV7AAy0Ea2\nWQD4h6M9aaZifH4GEEtzVreQi2YSCsoluLfM2+gmN2jkHWQK/dB82w9B/0Xk7zLu\nsQTMLUCGXTvTomPVh0nN/WZKeoci7YV2WosOrpL2gmbojylYmXbeZB+7nyrwwfH+\nK0lYt+9ZsNQcGC4pVylqzuKk7dIeSeUUa5RgwJOv8e/yZwAAA7iqOnm9qjp5vQAA\nAAdzc2gtcnNhAAABAQDHu23ItasDXSeORWgk94xLWr0dk+o5pY83ndMynaes15xd\nMvv20mtoGNSG67ebi6qbRFhGtKDw3OQGjLkfGsXI1Ahoib3LenSRLV8SEuwV0Wou\nEaA0U3OoSZ2VxuQNqv0VYNLMyp8kjwgXTSGYesQnIHnsO1/TxVXsADLQRrZZAPiH\noz1ppmJ8fgYQS3NWt5CLZhIKyiW4t8zb6CY3aOQdZAr90HzbD0H/ReTvMu6xBMwt\nQIZdO9OiY9WHSc39Zkp6hyLthXZaiw6ukvaCZuiPKViZdt5kH7ufKvDB8f4rSVi3\n71mw1BwYLilXKWrO4qTt0h5J5RRrlGDAk6/x7/JnAAAAAwEAAQAAAQB7NAhyaG2G\n8610uyeUtgaabOx/FEDFMnT3j6k5bbqCibVwYATAqeeLHNXsK/bkQfEJOc1iQAWO\nzhLyX1fJ8g/S48gUA/NJUs4Yx23/jiCHDNh8dm7mGBwd0NseCsOeEr1utH0TymEE\ngh4xkWiJ0CCzKftLVwyzauSnYS/2/cd5emK3Z5f7KX31PszYtZ0u7/9Bx7OWW9KW\nAiLZyLShKuVO+E7c2aim8pQ0ySZxoC/RcGNlCWOhq7fQZZQJU0eNdgIkeEGw9ySU\nM4FqzBFp8ekDCKnADxKNk8NMgMGB4jZh5A/NRmbp2EeTojgRns5Bkc/U175NMp9g\nHUVibDCokTxxAAAAgBTsGBIh5KXXV/8MOTJTnIsYS0H2IT8T3wWakO1PA7vHX0MH\nDTospeMC0D821fcEvL2D8BrAPAvT7q6sSoBvdQ1Nt9E2oCAijbowiAU13muvHpLN\nu6Q9nZCw+e2+opoE9vcZUBFcyne8uQ3BzoqxYTp+uyXP4CvJLqonYP+sojEDAAAA\ngQDa/VSluiyaZe2rc1u/rrQz0wRxXTsmdZJwO5pEDMMoCzoWhiffkb8g0F9CwESY\nCnUmU0hghvzPkhTQN+5TVhC4HOknPC3TeqOqSQpu+uDGC0pzUunBDKEwp2x8T5ck\nvGLKnsaORgKg2J44GWZNsc+ugZeKtWslsgOZX30aET6HbQAAAIEA6XzrArasPre1\nxCEUzHA9vAbSsXI562eKeYQNGUk2Ge7X4tSKk23YFRRSJw+RdL7NBIocXaU2AGcb\nR+95XPy86LAnNWzeksGOxtpywbm7lpW+Q+rc/Vh3r3rG48gctm0ZbstX9VMWxqTv\nZrYTQmW1RRTn0LvfIsYZk/K6IswzmKMAAAAAAQID\n-----END OPENSSH PRIVATE KEY-----\n",
            "private_key_pem": "-----BEGIN RSA PRIVATE KEY-----\nMIIEogIBAAKCAQEAx7ttyLWrA10njkVoJPeMS1q9HZPqOaWPN53TMp2nrNecXTL7\n9tJraBjUhuu3m4uqm0RYRrSg8NzkBoy5HxrFyNQIaIm9y3p0kS1fEhLsFdFqLhGg\nNFNzqEmdlcbkDar9FWDSzMqfJI8IF00hmHrEJyB57Dtf08VV7AAy0Ea2WQD4h6M9\naaZifH4GEEtzVreQi2YSCsoluLfM2+gmN2jkHWQK/dB82w9B/0Xk7zLusQTMLUCG\nXTvTomPVh0nN/WZKeoci7YV2WosOrpL2gmbojylYmXbeZB+7nyrwwfH+K0lYt+9Z\nsNQcGC4pVylqzuKk7dIeSeUUa5RgwJOv8e/yZwIDAQABAoIBAHs0CHJobYbzrXS7\nJ5S2Bpps7H8UQMUydPePqTltuoKJtXBgBMCp54sc1ewr9uRB8Qk5zWJABY7OEvJf\nV8nyD9LjyBQD80lSzhjHbf+OIIcM2Hx2buYYHB3Q2x4Kw54SvW60fRPKYQSCHjGR\naInQILMp+0tXDLNq5KdhL/b9x3l6Yrdnl/spffU+zNi1nS7v/0HHs5Zb0pYCItnI\ntKEq5U74TtzZqKbylDTJJnGgL9FwY2UJY6Grt9BllAlTR412AiR4QbD3JJQzgWrM\nEWnx6QMIqcAPEo2Tw0yAwYHiNmHkD81GZunYR5OiOBGezkGRz9TXvk0yn2AdRWJs\nMKiRPHECgYEA2v1UpbosmmXtq3Nbv660M9MEcV07JnWScDuaRAzDKAs6FoYn35G/\nINBfQsBEmAp1JlNIYIb8z5IU0DfuU1YQuBzpJzwt03qjqkkKbvrgxgtKc1LpwQyh\nMKdsfE+XJLxiyp7GjkYCoNieOBlmTbHProGXirVrJbIDmV99GhE+h20CgYEA6Xzr\nArasPre1xCEUzHA9vAbSsXI562eKeYQNGUk2Ge7X4tSKk23YFRRSJw+RdL7NBIoc\nXaU2AGcbR+95XPy86LAnNWzeksGOxtpywbm7lpW+Q+rc/Vh3r3rG48gctm0ZbstX\n9VMWxqTvZrYTQmW1RRTn0LvfIsYZk/K6IswzmKMCgYBfOMKi4YZdiK7E239spPnE\ngyAubxy2R29qj/AvYOFHO0KB4snZxBU4noKdkt8AwaNZC+Ov3WJ2m42jUH64C/dv\nJ1sWbWt7xpr+A46e3UX5t5Ui+k2cXPKGJnbcwvr0xVmrw0iROs4PxMFfoWPDquqk\ndcNAVEyH8pTwDv5l5FOtLQKBgHIc6Ub0PI6SfrWSbXXVTXa95u9uojwY6KanETfQ\nfi6CeuSTd/7B6p+yxMvuYeqq7cxQK7jg69maiszHj4sQwsr+fMsxoD4dd0hcr0Vb\nHwFjwg+zk7oGKMiMuvPMc6v8+jcaDq0JpNIE/jQ2vIbw6n0O0JVFnLKEGzAhqzMi\nlfz9AoGAFOwYEiHkpddX/ww5MlOcixhLQfYhPxPfBZqQ7U8Du8dfQwcNOiyl4wLQ\nPzbV9wS8vYPwGsA8C9PurqxKgG91DU230TagICKNujCIBTXea68eks27pD2dkLD5\n7b6imgT29xlQEVzKd7y5DcHOirFhOn67Jc/gK8kuqidg/6yiMQM=\n-----END RSA PRIVATE KEY-----\n",
            "private_key_pem_pkcs8": "-----BEGIN PRIVATE KEY-----\nMIIEvAIBADANBgkqhkiG9w0BAQEFAASCBKYwggSiAgEAAoIBAQDHu23ItasDXSeO\nRWgk94xLWr0dk+o5pY83ndMynaes15xdMvv20mtoGNSG67ebi6qbRFhGtKDw3OQG\njLkfGsXI1Ahoib3LenSRLV8SEuwV0WouEaA0U3OoSZ2VxuQNqv0VYNLMyp8kjwgX\nTSGYesQnIHnsO1/TxVXsADLQRrZZAPiHoz1ppmJ8fgYQS3NWt5CLZhIKyiW4t8zb\n6CY3aOQdZAr90HzbD0H/ReTvMu6xBMwtQIZdO9OiY9WHSc39Zkp6hyLthXZaiw6u\nkvaCZuiPKViZdt5kH7ufKvDB8f4rSVi371mw1BwYLilXKWrO4qTt0h5J5RRrlGDA\nk6/x7/JnAgMBAAECggEAezQIcmhthvOtdLsnlLYGmmzsfxRAxTJ094+pOW26gom1\ncGAEwKnnixzV7Cv25EHxCTnNYkAFjs4S8l9XyfIP0uPIFAPzSVLOGMdt/44ghwzY\nfHZu5hgcHdDbHgrDnhK9brR9E8phBIIeMZFoidAgsyn7S1cMs2rkp2Ev9v3HeXpi\nt2eX+yl99T7M2LWdLu//QcezllvSlgIi2ci0oSrlTvhO3NmopvKUNMkmcaAv0XBj\nZQljoau30GWUCVNHjXYCJHhBsPcklDOBaswRafHpAwipwA8SjZPDTIDBgeI2YeQP\nzUZm6dhHk6I4EZ7OQZHP1Ne+TTKfYB1FYmwwqJE8cQKBgQDa/VSluiyaZe2rc1u/\nrrQz0wRxXTsmdZJwO5pEDMMoCzoWhiffkb8g0F9CwESYCnUmU0hghvzPkhTQN+5T\nVhC4HOknPC3TeqOqSQpu+uDGC0pzUunBDKEwp2x8T5ckvGLKnsaORgKg2J44GWZN\nsc+ugZeKtWslsgOZX30aET6HbQKBgQDpfOsCtqw+t7XEIRTMcD28BtKxcjnrZ4p5\nhA0ZSTYZ7tfi1IqTbdgVFFInD5F0vs0EihxdpTYAZxtH73lc/LzosCc1bN6SwY7G\n2nLBubuWlb5D6tz9WHevesbjyBy2bRluy1f1UxbGpO9mthNCZbVFFOfQu98ixhmT\n8roizDOYowKBgF84wqLhhl2IrsTbf2yk+cSDIC5vHLZHb2qP8C9g4Uc7QoHiydnE\nFTiegp2S3wDBo1kL46/dYnabjaNQfrgL928nWxZta3vGmv4Djp7dRfm3lSL6TZxc\n8oYmdtzC+vTFWavDSJE6zg/EwV+hY8Oq6qR1w0BUTIfylPAO/mXkU60tAoGAchzp\nRvQ8jpJ+tZJtddVNdr3m726iPBjopqcRN9B+LoJ65JN3/sHqn7LEy+5h6qrtzFAr\nuODr2ZqKzMePixDCyv58yzGgPh13SFyvRVsfAWPCD7OTugYoyIy688xzq/z6NxoO\nrQmk0gT+NDa8hvDqfQ7QlUWcsoQbMCGrMyKV/P0CgYAU7BgSIeSl11f/DDkyU5yL\nGEtB9iE/E98FmpDtTwO7x19DBw06LKXjAtA/NtX3BLy9g/AawDwL0+6urEqAb3UN\nTbfRNqAgIo26MIgFNd5rrx6SzbukPZ2QsPntvqKaBPb3GVARXMp3vLkNwc6KsWE6\nfrslz+AryS6qJ2D/rKIxAw==\n-----END PRIVATE KEY-----\n",
            "public_key_fingerprint_md5": "79:d0:a9:9f:65:74:3b:04:16:02:a9:7a:36:c1:03:53",
            "public_key_fingerprint_sha256": "SHA256:OG5VNAPyhzUQw8brcIm6wXaPx8Qq89H2fTnR6LHL4Wo",
            "public_key_openssh": "ssh-rsa AAAAB3NzaC1yc2EAAAADAQABAAABAQDHu23ItasDXSeORWgk94xLWr0dk+o5pY83ndMynaes15xdMvv20mtoGNSG67ebi6qbRFhGtKDw3OQGjLkfGsXI1Ahoib3LenSRLV8SEuwV0WouEaA0U3OoSZ2VxuQNqv0VYNLMyp8kjwgXTSGYesQnIHnsO1/TxVXsADLQRrZZAPiHoz1ppmJ8fgYQS3NWt5CLZhIKyiW4t8zb6CY3aOQdZAr90HzbD0H/ReTvMu6xBMwtQIZdO9OiY9WHSc39Zkp6hyLthXZaiw6ukvaCZuiPKViZdt5kH7ufKvDB8f4rSVi371mw1BwYLilXKWrO4qTt0h5J5RRrlGDAk6/x7/Jn\n",
            "public_key_pem": "-----BEGIN PUBLIC KEY-----\nMIIBIjANBgkqhkiG9w0BAQEFAAOCAQ8AMIIBCgKCAQEAx7ttyLWrA10njkVoJPeM\nS1q9HZPqOaWPN53TMp2nrNecXTL79tJraBjUhuu3m4uqm0RYRrSg8NzkBoy5HxrF\nyNQIaIm9y3p0kS1fEhLsFdFqLhGgNFNzqEmdlcbkDar9FWDSzMqfJI8IF00hmHrE\nJyB57Dtf08VV7AAy0Ea2WQD4h6M9aaZifH4GEEtzVreQi2YSCsoluLfM2+gmN2jk\nHWQK/dB82w9B/0Xk7zLusQTMLUCGXTvTomPVh0nN/WZKeoci7YV2WosOrpL2gmbo\njylYmXbeZB+7nyrwwfH+K0lYt+9ZsNQcGC4pVylqzuKk7dIeSeUUa5RgwJOv8e/y\nZwIDAQAB\n-----END PUBLIC KEY-----\n",
            "rsa_bits": 2048
          },
          "sensitive_attributes": []
        }
      ]
    }
  ],
  "check_results": null
}
